
Microsoft Visual Studio Solution File, Format Version 12.00
# Visual Studio Version 17
VisualStudioVersion = 17.4.33213.308
MinimumVisualStudioVersion = 10.0.40219.1
Project("{FAE04EC0-301F-11D3-BF4B-00C04F79EFBC}") = "CameraSpeed", "CameraSpeed.csproj", "{2787AE0B-5350-4E51-BCFF-E9A12EBA2CED}"
EndProject
Global
	GlobalSection(SolutionConfigurationPlatforms) = preSolution
		Debug|Any CPU = Debug|Any CPU
		Release|Any CPU = Release|Any CPU
	EndGlobalSection
	GlobalSection(ProjectConfigurationPlatforms) = postSolution
		{2787AE0B-5350-4E51-BCFF-E9A12EBA2CED}.Debug|Any CPU.ActiveCfg = Debug|Any CPU
		{2787AE0B-5350-4E51-BCFF-E9A12EBA2CED}.Debug|Any CPU.Build.0 = Debug|Any CPU
		{2787AE0B-5350-4E51-BCFF-E9A12EBA2CED}.Release|Any CPU.ActiveCfg = Release|Any CPU
		{2787AE0B-5350-4E51-BCFF-E9A12EBA2CED}.Release|Any CPU.Build.0 = Release|Any CPU
	EndGlobalSection
	GlobalSection(SolutionProperties) = preSolution
		HideSolutionNode = FALSE
	EndGlobalSection
	GlobalSection(ExtensibilityGlobals) = postSolution
		SolutionGuid = {435B4EB9-DCA6-4034-8E92-25E1EE05E61B}
	EndGlobalSection
EndGlobal
